// !$*UTF8*$!
{
	archiveVersion = 1;
	classes = {
	};
	objectVersion = 48;
	objects = {

/* Begin PBXBuildFile section */
		356088EE7F1D4104E7AAA8D8 /* libPods-AutoCreateModel.a in Frameworks */ = {isa = PBXBuildFile; fileRef = 14CFA6ECA3B58833C8E5C061 /* libPods-AutoCreateModel.a */; };
		F227C4C4213563DC00D66397 /* CreateFrameFile.m in Sources */ = {isa = PBXBuildFile; fileRef = F227C4C2213563DB00D66397 /* CreateFrameFile.m */; };
		F227C4C62135644100D66397 /* mainFile.plist in Resources */ = {isa = PBXBuildFile; fileRef = F227C4C52135644100D66397 /* mainFile.plist */; };
		F227C4C9213564C100D66397 /* CommonData.m in Sources */ = {isa = PBXBuildFile; fileRef = F227C4C7213564C100D66397 /* CommonData.m */; };
		F272945E212D83FE008B38E5 /* UIColor+ColorChange.m in Sources */ = {isa = PBXBuildFile; fileRef = F272945D212D83FE008B38E5 /* UIColor+ColorChange.m */; };
		F27B3328212E5A8F00124931 /* CommonFactory.m in Sources */ = {isa = PBXBuildFile; fileRef = F27B3327212E5A8F00124931 /* CommonFactory.m */; };
		F27B332B212E5C8A00124931 /* CommonFont.m in Sources */ = {isa = PBXBuildFile; fileRef = F27B332A212E5C8A00124931 /* CommonFont.m */; };
		F27B3337212E945300124931 /* EnumManage.m in Sources */ = {isa = PBXBuildFile; fileRef = F27B3336212E945300124931 /* EnumManage.m */; };
		F290A5A9212ACFD600DC5891 /* AppDelegate.m in Sources */ = {isa = PBXBuildFile; fileRef = F290A5A8212ACFD600DC5891 /* AppDelegate.m */; };
		F290A5AC212ACFD600DC5891 /* ViewController.m in Sources */ = {isa = PBXBuildFile; fileRef = F290A5AB212ACFD600DC5891 /* ViewController.m */; };
		F290A5AF212ACFD600DC5891 /* Main.storyboard in Resources */ = {isa = PBXBuildFile; fileRef = F290A5AD212ACFD600DC5891 /* Main.storyboard */; };
		F290A5B1212ACFD600DC5891 /* Assets.xcassets in Resources */ = {isa = PBXBuildFile; fileRef = F290A5B0212ACFD600DC5891 /* Assets.xcassets */; };
		F290A5B4212ACFD600DC5891 /* LaunchScreen.storyboard in Resources */ = {isa = PBXBuildFile; fileRef = F290A5B2212ACFD600DC5891 /* LaunchScreen.storyboard */; };
		F290A5B7212ACFD600DC5891 /* main.m in Sources */ = {isa = PBXBuildFile; fileRef = F290A5B6212ACFD600DC5891 /* main.m */; };
		F29D403021341D6300464621 /* UIResponder+Router.m in Sources */ = {isa = PBXBuildFile; fileRef = F29D402D21341D6300464621 /* UIResponder+Router.m */; };
		F29D403121341D6300464621 /* UIView+Context.m in Sources */ = {isa = PBXBuildFile; fileRef = F29D402F21341D6300464621 /* UIView+Context.m */; };
		F29D403721341DC300464621 /* NodeModelViewControllerBack_next@3x.png in Resources */ = {isa = PBXBuildFile; fileRef = F29D403621341DC300464621 /* NodeModelViewControllerBack_next@3x.png */; };
		F29D404221341E5300464621 /* JsonManage.m in Sources */ = {isa = PBXBuildFile; fileRef = F29D403A21341E5300464621 /* JsonManage.m */; };
		F29D404321341E5300464621 /* NodeModel.m in Sources */ = {isa = PBXBuildFile; fileRef = F29D403C21341E5300464621 /* NodeModel.m */; };
		F29D404421341E5300464621 /* CreateNodeModelString.m in Sources */ = {isa = PBXBuildFile; fileRef = F29D403E21341E5300464621 /* CreateNodeModelString.m */; };
		F29D404521341E5300464621 /* NodeModelStrings.plist in Resources */ = {isa = PBXBuildFile; fileRef = F29D403F21341E5300464621 /* NodeModelStrings.plist */; };
		F29D404621341E5300464621 /* PropertyInfomation.m in Sources */ = {isa = PBXBuildFile; fileRef = F29D404121341E5300464621 /* PropertyInfomation.m */; };
		F29D406B21341FA300464621 /* EditView.m in Sources */ = {isa = PBXBuildFile; fileRef = F29D404A21341FA300464621 /* EditView.m */; };
		F29D406C21341FA300464621 /* NodeModelTableViewCoordinator.m in Sources */ = {isa = PBXBuildFile; fileRef = F29D404D21341FA300464621 /* NodeModelTableViewCoordinator.m */; };
		F29D406D21341FA300464621 /* NodeTableViewModel.m in Sources */ = {isa = PBXBuildFile; fileRef = F29D404F21341FA300464621 /* NodeTableViewModel.m */; };
		F29D406E21341FA300464621 /* NodeBottomBaseView.m in Sources */ = {isa = PBXBuildFile; fileRef = F29D405221341FA300464621 /* NodeBottomBaseView.m */; };
		F29D406F21341FA300464621 /* NodeCellCoordinator.m in Sources */ = {isa = PBXBuildFile; fileRef = F29D405421341FA300464621 /* NodeCellCoordinator.m */; };
		F29D407021341FA300464621 /* NodeCellView.m in Sources */ = {isa = PBXBuildFile; fileRef = F29D405621341FA300464621 /* NodeCellView.m */; };
		F29D407121341FA300464621 /* NodeCellViewModel.m in Sources */ = {isa = PBXBuildFile; fileRef = F29D405821341FA300464621 /* NodeCellViewModel.m */; };
		F29D407221341FA300464621 /* NodeMultiCellCoordinator.m in Sources */ = {isa = PBXBuildFile; fileRef = F29D405A21341FA300464621 /* NodeMultiCellCoordinator.m */; };
		F29D407321341FA300464621 /* NodeMultiCellView.m in Sources */ = {isa = PBXBuildFile; fileRef = F29D405C21341FA300464621 /* NodeMultiCellView.m */; };
		F29D407421341FA300464621 /* NodeMultiCellViewModel.m in Sources */ = {isa = PBXBuildFile; fileRef = F29D405E21341FA300464621 /* NodeMultiCellViewModel.m */; };
		F29D407521341FA300464621 /* NodeTopBaseView.m in Sources */ = {isa = PBXBuildFile; fileRef = F29D406021341FA300464621 /* NodeTopBaseView.m */; };
		F29D407621341FA300464621 /* PickViewCoordinator.m in Sources */ = {isa = PBXBuildFile; fileRef = F29D406321341FA300464621 /* PickViewCoordinator.m */; };
		F29D407721341FA300464621 /* BaseViewController.m in Sources */ = {isa = PBXBuildFile; fileRef = F29D406621341FA300464621 /* BaseViewController.m */; };
		F29D407821341FA300464621 /* NodeContext.m in Sources */ = {isa = PBXBuildFile; fileRef = F29D406821341FA300464621 /* NodeContext.m */; };
		F29D407921341FA300464621 /* NodeModelViewController.m in Sources */ = {isa = PBXBuildFile; fileRef = F29D406A21341FA300464621 /* NodeModelViewController.m */; };
/* End PBXBuildFile section */

/* Begin PBXFileReference section */
		14CFA6ECA3B58833C8E5C061 /* libPods-AutoCreateModel.a */ = {isa = PBXFileReference; explicitFileType = archive.ar; includeInIndex = 0; path = "libPods-AutoCreateModel.a"; sourceTree = BUILT_PRODUCTS_DIR; };
		B668B53C49D0476CB1309A3F /* Pods-AutoCreateModel.debug.xcconfig */ = {isa = PBXFileReference; includeInIndex = 1; lastKnownFileType = text.xcconfig; name = "Pods-AutoCreateModel.debug.xcconfig"; path = "Pods/Target Support Files/Pods-AutoCreateModel/Pods-AutoCreateModel.debug.xcconfig"; sourceTree = "<group>"; };
		D552446CAA2DD869BB5F0E73 /* Pods-AutoCreateModel.release.xcconfig */ = {isa = PBXFileReference; includeInIndex = 1; lastKnownFileType = text.xcconfig; name = "Pods-AutoCreateModel.release.xcconfig"; path = "Pods/Target Support Files/Pods-AutoCreateModel/Pods-AutoCreateModel.release.xcconfig"; sourceTree = "<group>"; };
		F227C4C2213563DB00D66397 /* CreateFrameFile.m */ = {isa = PBXFileReference; fileEncoding = 4; lastKnownFileType = sourcecode.c.objc; path = CreateFrameFile.m; sourceTree = "<group>"; };
		F227C4C3213563DB00D66397 /* CreateFrameFile.h */ = {isa = PBXFileReference; fileEncoding = 4; lastKnownFileType = sourcecode.c.h; path = CreateFrameFile.h; sourceTree = "<group>"; };
		F227C4C52135644100D66397 /* mainFile.plist */ = {isa = PBXFileReference; fileEncoding = 4; lastKnownFileType = text.plist.xml; path = mainFile.plist; sourceTree = "<group>"; };
		F227C4C7213564C100D66397 /* CommonData.m */ = {isa = PBXFileReference; fileEncoding = 4; lastKnownFileType = sourcecode.c.objc; path = CommonData.m; sourceTree = "<group>"; };
		F227C4C8213564C100D66397 /* CommonData.h */ = {isa = PBXFileReference; fileEncoding = 4; lastKnownFileType = sourcecode.c.h; path = CommonData.h; sourceTree = "<group>"; };
		F272945C212D83FE008B38E5 /* UIColor+ColorChange.h */ = {isa = PBXFileReference; lastKnownFileType = sourcecode.c.h; path = "UIColor+ColorChange.h"; sourceTree = "<group>"; };
		F272945D212D83FE008B38E5 /* UIColor+ColorChange.m */ = {isa = PBXFileReference; lastKnownFileType = sourcecode.c.objc; path = "UIColor+ColorChange.m"; sourceTree = "<group>"; };
		F2749C9C212C03B800FB20BF /* AutoModelPCH.h */ = {isa = PBXFileReference; lastKnownFileType = sourcecode.c.h; path = AutoModelPCH.h; sourceTree = "<group>"; };
		F27B3326212E5A8F00124931 /* CommonFactory.h */ = {isa = PBXFileReference; lastKnownFileType = sourcecode.c.h; path = CommonFactory.h; sourceTree = "<group>"; };
		F27B3327212E5A8F00124931 /* CommonFactory.m */ = {isa = PBXFileReference; lastKnownFileType = sourcecode.c.objc; path = CommonFactory.m; sourceTree = "<group>"; };
		F27B3329212E5C8A00124931 /* CommonFont.h */ = {isa = PBXFileReference; lastKnownFileType = sourcecode.c.h; path = CommonFont.h; sourceTree = "<group>"; };
		F27B332A212E5C8A00124931 /* CommonFont.m */ = {isa = PBXFileReference; lastKnownFileType = sourcecode.c.objc; path = CommonFont.m; sourceTree = "<group>"; };
		F27B3335212E945300124931 /* EnumManage.h */ = {isa = PBXFileReference; lastKnownFileType = sourcecode.c.h; path = EnumManage.h; sourceTree = "<group>"; };
		F27B3336212E945300124931 /* EnumManage.m */ = {isa = PBXFileReference; lastKnownFileType = sourcecode.c.objc; path = EnumManage.m; sourceTree = "<group>"; };
		F290A5A4212ACFD600DC5891 /* AutoCreateModel.app */ = {isa = PBXFileReference; explicitFileType = wrapper.application; includeInIndex = 0; path = AutoCreateModel.app; sourceTree = BUILT_PRODUCTS_DIR; };
		F290A5A7212ACFD600DC5891 /* AppDelegate.h */ = {isa = PBXFileReference; lastKnownFileType = sourcecode.c.h; path = AppDelegate.h; sourceTree = "<group>"; };
		F290A5A8212ACFD600DC5891 /* AppDelegate.m */ = {isa = PBXFileReference; lastKnownFileType = sourcecode.c.objc; path = AppDelegate.m; sourceTree = "<group>"; };
		F290A5AA212ACFD600DC5891 /* ViewController.h */ = {isa = PBXFileReference; lastKnownFileType = sourcecode.c.h; path = ViewController.h; sourceTree = "<group>"; };
		F290A5AB212ACFD600DC5891 /* ViewController.m */ = {isa = PBXFileReference; lastKnownFileType = sourcecode.c.objc; path = ViewController.m; sourceTree = "<group>"; };
		F290A5AE212ACFD600DC5891 /* Base */ = {isa = PBXFileReference; lastKnownFileType = file.storyboard; name = Base; path = Base.lproj/Main.storyboard; sourceTree = "<group>"; };
		F290A5B0212ACFD600DC5891 /* Assets.xcassets */ = {isa = PBXFileReference; lastKnownFileType = folder.assetcatalog; path = Assets.xcassets; sourceTree = "<group>"; };
		F290A5B3212ACFD600DC5891 /* Base */ = {isa = PBXFileReference; lastKnownFileType = file.storyboard; name = Base; path = Base.lproj/LaunchScreen.storyboard; sourceTree = "<group>"; };
		F290A5B5212ACFD600DC5891 /* Info.plist */ = {isa = PBXFileReference; lastKnownFileType = text.plist.xml; path = Info.plist; sourceTree = "<group>"; };
		F290A5B6212ACFD600DC5891 /* main.m */ = {isa = PBXFileReference; lastKnownFileType = sourcecode.c.objc; path = main.m; sourceTree = "<group>"; };
		F29D402C21341D6300464621 /* UIResponder+Router.h */ = {isa = PBXFileReference; fileEncoding = 4; lastKnownFileType = sourcecode.c.h; path = "UIResponder+Router.h"; sourceTree = "<group>"; };
		F29D402D21341D6300464621 /* UIResponder+Router.m */ = {isa = PBXFileReference; fileEncoding = 4; lastKnownFileType = sourcecode.c.objc; path = "UIResponder+Router.m"; sourceTree = "<group>"; };
		F29D402E21341D6300464621 /* UIView+Context.h */ = {isa = PBXFileReference; fileEncoding = 4; lastKnownFileType = sourcecode.c.h; path = "UIView+Context.h"; sourceTree = "<group>"; };
		F29D402F21341D6300464621 /* UIView+Context.m */ = {isa = PBXFileReference; fileEncoding = 4; lastKnownFileType = sourcecode.c.objc; path = "UIView+Context.m"; sourceTree = "<group>"; };
		F29D403621341DC300464621 /* NodeModelViewControllerBack_next@3x.png */ = {isa = PBXFileReference; lastKnownFileType = image.png; path = "NodeModelViewControllerBack_next@3x.png"; sourceTree = "<group>"; };
		F29D403921341E5300464621 /* JsonManage.h */ = {isa = PBXFileReference; fileEncoding = 4; lastKnownFileType = sourcecode.c.h; path = JsonManage.h; sourceTree = "<group>"; };
		F29D403A21341E5300464621 /* JsonManage.m */ = {isa = PBXFileReference; fileEncoding = 4; lastKnownFileType = sourcecode.c.objc; path = JsonManage.m; sourceTree = "<group>"; };
		F29D403B21341E5300464621 /* NodeModel.h */ = {isa = PBXFileReference; fileEncoding = 4; lastKnownFileType = sourcecode.c.h; path = NodeModel.h; sourceTree = "<group>"; };
		F29D403C21341E5300464621 /* NodeModel.m */ = {isa = PBXFileReference; fileEncoding = 4; lastKnownFileType = sourcecode.c.objc; path = NodeModel.m; sourceTree = "<group>"; };
		F29D403D21341E5300464621 /* CreateNodeModelString.h */ = {isa = PBXFileReference; fileEncoding = 4; lastKnownFileType = sourcecode.c.h; path = CreateNodeModelString.h; sourceTree = "<group>"; };
		F29D403E21341E5300464621 /* CreateNodeModelString.m */ = {isa = PBXFileReference; fileEncoding = 4; lastKnownFileType = sourcecode.c.objc; path = CreateNodeModelString.m; sourceTree = "<group>"; };
		F29D403F21341E5300464621 /* NodeModelStrings.plist */ = {isa = PBXFileReference; fileEncoding = 4; lastKnownFileType = text.plist.xml; path = NodeModelStrings.plist; sourceTree = "<group>"; };
		F29D404021341E5300464621 /* PropertyInfomation.h */ = {isa = PBXFileReference; fileEncoding = 4; lastKnownFileType = sourcecode.c.h; path = PropertyInfomation.h; sourceTree = "<group>"; };
		F29D404121341E5300464621 /* PropertyInfomation.m */ = {isa = PBXFileReference; fileEncoding = 4; lastKnownFileType = sourcecode.c.objc; path = PropertyInfomation.m; sourceTree = "<group>"; };
		F29D404921341FA300464621 /* EditView.h */ = {isa = PBXFileReference; fileEncoding = 4; lastKnownFileType = sourcecode.c.h; path = EditView.h; sourceTree = "<group>"; };
		F29D404A21341FA300464621 /* EditView.m */ = {isa = PBXFileReference; fileEncoding = 4; lastKnownFileType = sourcecode.c.objc; path = EditView.m; sourceTree = "<group>"; };
		F29D404C21341FA300464621 /* NodeModelTableViewCoordinator.h */ = {isa = PBXFileReference; fileEncoding = 4; lastKnownFileType = sourcecode.c.h; path = NodeModelTableViewCoordinator.h; sourceTree = "<group>"; };
		F29D404D21341FA300464621 /* NodeModelTableViewCoordinator.m */ = {isa = PBXFileReference; fileEncoding = 4; lastKnownFileType = sourcecode.c.objc; path = NodeModelTableViewCoordinator.m; sourceTree = "<group>"; };
		F29D404E21341FA300464621 /* NodeTableViewModel.h */ = {isa = PBXFileReference; fileEncoding = 4; lastKnownFileType = sourcecode.c.h; path = NodeTableViewModel.h; sourceTree = "<group>"; };
		F29D404F21341FA300464621 /* NodeTableViewModel.m */ = {isa = PBXFileReference; fileEncoding = 4; lastKnownFileType = sourcecode.c.objc; path = NodeTableViewModel.m; sourceTree = "<group>"; };
		F29D405121341FA300464621 /* NodeBottomBaseView.h */ = {isa = PBXFileReference; fileEncoding = 4; lastKnownFileType = sourcecode.c.h; path = NodeBottomBaseView.h; sourceTree = "<group>"; };
		F29D405221341FA300464621 /* NodeBottomBaseView.m */ = {isa = PBXFileReference; fileEncoding = 4; lastKnownFileType = sourcecode.c.objc; path = NodeBottomBaseView.m; sourceTree = "<group>"; };
		F29D405321341FA300464621 /* NodeCellCoordinator.h */ = {isa = PBXFileReference; fileEncoding = 4; lastKnownFileType = sourcecode.c.h; path = NodeCellCoordinator.h; sourceTree = "<group>"; };
		F29D405421341FA300464621 /* NodeCellCoordinator.m */ = {isa = PBXFileReference; fileEncoding = 4; lastKnownFileType = sourcecode.c.objc; path = NodeCellCoordinator.m; sourceTree = "<group>"; };
		F29D405521341FA300464621 /* NodeCellView.h */ = {isa = PBXFileReference; fileEncoding = 4; lastKnownFileType = sourcecode.c.h; path = NodeCellView.h; sourceTree = "<group>"; };
		F29D405621341FA300464621 /* NodeCellView.m */ = {isa = PBXFileReference; fileEncoding = 4; lastKnownFileType = sourcecode.c.objc; path = NodeCellView.m; sourceTree = "<group>"; };
		F29D405721341FA300464621 /* NodeCellViewModel.h */ = {isa = PBXFileReference; fileEncoding = 4; lastKnownFileType = sourcecode.c.h; path = NodeCellViewModel.h; sourceTree = "<group>"; };
		F29D405821341FA300464621 /* NodeCellViewModel.m */ = {isa = PBXFileReference; fileEncoding = 4; lastKnownFileType = sourcecode.c.objc; path = NodeCellViewModel.m; sourceTree = "<group>"; };
		F29D405921341FA300464621 /* NodeMultiCellCoordinator.h */ = {isa = PBXFileReference; fileEncoding = 4; lastKnownFileType = sourcecode.c.h; path = NodeMultiCellCoordinator.h; sourceTree = "<group>"; };
		F29D405A21341FA300464621 /* NodeMultiCellCoordinator.m */ = {isa = PBXFileReference; fileEncoding = 4; lastKnownFileType = sourcecode.c.objc; path = NodeMultiCellCoordinator.m; sourceTree = "<group>"; };
		F29D405B21341FA300464621 /* NodeMultiCellView.h */ = {isa = PBXFileReference; fileEncoding = 4; lastKnownFileType = sourcecode.c.h; path = NodeMultiCellView.h; sourceTree = "<group>"; };
		F29D405C21341FA300464621 /* NodeMultiCellView.m */ = {isa = PBXFileReference; fileEncoding = 4; lastKnownFileType = sourcecode.c.objc; path = NodeMultiCellView.m; sourceTree = "<group>"; };
		F29D405D21341FA300464621 /* NodeMultiCellViewModel.h */ = {isa = PBXFileReference; fileEncoding = 4; lastKnownFileType = sourcecode.c.h; path = NodeMultiCellViewModel.h; sourceTree = "<group>"; };
		F29D405E21341FA300464621 /* NodeMultiCellViewModel.m */ = {isa = PBXFileReference; fileEncoding = 4; lastKnownFileType = sourcecode.c.objc; path = NodeMultiCellViewModel.m; sourceTree = "<group>"; };
		F29D405F21341FA300464621 /* NodeTopBaseView.h */ = {isa = PBXFileReference; fileEncoding = 4; lastKnownFileType = sourcecode.c.h; path = NodeTopBaseView.h; sourceTree = "<group>"; };
		F29D406021341FA300464621 /* NodeTopBaseView.m */ = {isa = PBXFileReference; fileEncoding = 4; lastKnownFileType = sourcecode.c.objc; path = NodeTopBaseView.m; sourceTree = "<group>"; };
		F29D406221341FA300464621 /* PickViewCoordinator.h */ = {isa = PBXFileReference; fileEncoding = 4; lastKnownFileType = sourcecode.c.h; path = PickViewCoordinator.h; sourceTree = "<group>"; };
		F29D406321341FA300464621 /* PickViewCoordinator.m */ = {isa = PBXFileReference; fileEncoding = 4; lastKnownFileType = sourcecode.c.objc; path = PickViewCoordinator.m; sourceTree = "<group>"; };
		F29D406521341FA300464621 /* BaseViewController.h */ = {isa = PBXFileReference; fileEncoding = 4; lastKnownFileType = sourcecode.c.h; path = BaseViewController.h; sourceTree = "<group>"; };
		F29D406621341FA300464621 /* BaseViewController.m */ = {isa = PBXFileReference; fileEncoding = 4; lastKnownFileType = sourcecode.c.objc; path = BaseViewController.m; sourceTree = "<group>"; };
		F29D406721341FA300464621 /* NodeContext.h */ = {isa = PBXFileReference; fileEncoding = 4; lastKnownFileType = sourcecode.c.h; path = NodeContext.h; sourceTree = "<group>"; };
		F29D406821341FA300464621 /* NodeContext.m */ = {isa = PBXFileReference; fileEncoding = 4; lastKnownFileType = sourcecode.c.objc; path = NodeContext.m; sourceTree = "<group>"; };
		F29D406921341FA300464621 /* NodeModelViewController.h */ = {isa = PBXFileReference; fileEncoding = 4; lastKnownFileType = sourcecode.c.h; path = NodeModelViewController.h; sourceTree = "<group>"; };
		F29D406A21341FA300464621 /* NodeModelViewController.m */ = {isa = PBXFileReference; fileEncoding = 4; lastKnownFileType = sourcecode.c.objc; path = NodeModelViewController.m; sourceTree = "<group>"; };
/* End PBXFileReference section */

/* Begin PBXFrameworksBuildPhase section */
		F290A5A1212ACFD600DC5891 /* Frameworks */ = {
			isa = PBXFrameworksBuildPhase;
			buildActionMask = 2147483647;
			files = (
				356088EE7F1D4104E7AAA8D8 /* libPods-AutoCreateModel.a in Frameworks */,
			);
			runOnlyForDeploymentPostprocessing = 0;
		};
/* End PBXFrameworksBuildPhase section */

/* Begin PBXGroup section */
		98A48E3C0B03E562D1DD3DC2 /* Pods */ = {
			isa = PBXGroup;
			children = (
				B668B53C49D0476CB1309A3F /* Pods-AutoCreateModel.debug.xcconfig */,
				D552446CAA2DD869BB5F0E73 /* Pods-AutoCreateModel.release.xcconfig */,
			);
			name = Pods;
			sourceTree = "<group>";
		};
		AF0B0C259986E8F80E831ED5 /* Frameworks */ = {
			isa = PBXGroup;
			children = (
				14CFA6ECA3B58833C8E5C061 /* libPods-AutoCreateModel.a */,
			);
			name = Frameworks;
			sourceTree = "<group>";
		};
		F2749C97212BF86F00FB20BF /* AutoCreateModel */ = {
			isa = PBXGroup;
			children = (
				F29D404721341FA300464621 /* UI */,
				F29D403821341E5300464621 /* Parser */,
				F2749C98212BF88500FB20BF /* Common */,
			);
			path = AutoCreateModel;
			sourceTree = "<group>";
		};
		F2749C98212BF88500FB20BF /* Common */ = {
			isa = PBXGroup;
			children = (
				F29D402B21341D6300464621 /* MUIKit */,
				F2749C9C212C03B800FB20BF /* AutoModelPCH.h */,
				F272945C212D83FE008B38E5 /* UIColor+ColorChange.h */,
				F272945D212D83FE008B38E5 /* UIColor+ColorChange.m */,
				F27B3326212E5A8F00124931 /* CommonFactory.h */,
				F27B3327212E5A8F00124931 /* CommonFactory.m */,
				F27B3329212E5C8A00124931 /* CommonFont.h */,
				F27B332A212E5C8A00124931 /* CommonFont.m */,
				F27B3335212E945300124931 /* EnumManage.h */,
				F27B3336212E945300124931 /* EnumManage.m */,
			);
			path = Common;
			sourceTree = "<group>";
		};
		F290A59B212ACFD600DC5891 = {
			isa = PBXGroup;
			children = (
				F290A5A6212ACFD600DC5891 /* AutoCreateModel */,
				F290A5A5212ACFD600DC5891 /* Products */,
				98A48E3C0B03E562D1DD3DC2 /* Pods */,
				AF0B0C259986E8F80E831ED5 /* Frameworks */,
			);
			sourceTree = "<group>";
		};
		F290A5A5212ACFD600DC5891 /* Products */ = {
			isa = PBXGroup;
			children = (
				F290A5A4212ACFD600DC5891 /* AutoCreateModel.app */,
			);
			name = Products;
			sourceTree = "<group>";
		};
		F290A5A6212ACFD600DC5891 /* AutoCreateModel */ = {
			isa = PBXGroup;
			children = (
				F29D403521341DC300464621 /* Image */,
				F2749C97212BF86F00FB20BF /* AutoCreateModel */,
				F290A5A7212ACFD600DC5891 /* AppDelegate.h */,
				F290A5A8212ACFD600DC5891 /* AppDelegate.m */,
				F290A5AA212ACFD600DC5891 /* ViewController.h */,
				F290A5AB212ACFD600DC5891 /* ViewController.m */,
				F290A5AD212ACFD600DC5891 /* Main.storyboard */,
				F290A5B0212ACFD600DC5891 /* Assets.xcassets */,
				F290A5B2212ACFD600DC5891 /* LaunchScreen.storyboard */,
				F290A5B5212ACFD600DC5891 /* Info.plist */,
				F290A5B6212ACFD600DC5891 /* main.m */,
			);
			path = AutoCreateModel;
			sourceTree = "<group>";
		};
		F29D402B21341D6300464621 /* MUIKit */ = {
			isa = PBXGroup;
			children = (
				F29D402C21341D6300464621 /* UIResponder+Router.h */,
				F29D402D21341D6300464621 /* UIResponder+Router.m */,
				F29D402E21341D6300464621 /* UIView+Context.h */,
				F29D402F21341D6300464621 /* UIView+Context.m */,
			);
			path = MUIKit;
			sourceTree = "<group>";
		};
		F29D403521341DC300464621 /* Image */ = {
			isa = PBXGroup;
			children = (
				F29D403621341DC300464621 /* NodeModelViewControllerBack_next@3x.png */,
			);
			path = Image;
			sourceTree = "<group>";
		};
		F29D403821341E5300464621 /* Parser */ = {
			isa = PBXGroup;
			children = (
				F227C4C8213564C100D66397 /* CommonData.h */,
				F227C4C7213564C100D66397 /* CommonData.m */,
				F227C4C52135644100D66397 /* mainFile.plist */,
				F227C4C3213563DB00D66397 /* CreateFrameFile.h */,
				F227C4C2213563DB00D66397 /* CreateFrameFile.m */,
				F29D403921341E5300464621 /* JsonManage.h */,
				F29D403A21341E5300464621 /* JsonManage.m */,
				F29D403B21341E5300464621 /* NodeModel.h */,
				F29D403C21341E5300464621 /* NodeModel.m */,
				F29D403D21341E5300464621 /* CreateNodeModelString.h */,
				F29D403E21341E5300464621 /* CreateNodeModelString.m */,
				F29D403F21341E5300464621 /* NodeModelStrings.plist */,
				F29D404021341E5300464621 /* PropertyInfomation.h */,
				F29D404121341E5300464621 /* PropertyInfomation.m */,
			);
			path = Parser;
			sourceTree = "<group>";
		};
		F29D404721341FA300464621 /* UI */ = {
			isa = PBXGroup;
			children = (
				F29D404821341FA300464621 /* EditView */,
				F29D404B21341FA300464621 /* ModelTableView */,
				F29D405021341FA300464621 /* ModelTableViewCell */,
				F29D406121341FA300464621 /* PickView */,
				F29D406421341FA300464621 /* ViewController */,
			);
			path = UI;
			sourceTree = "<group>";
		};
		F29D404821341FA300464621 /* EditView */ = {
			isa = PBXGroup;
			children = (
				F29D404921341FA300464621 /* EditView.h */,
				F29D404A21341FA300464621 /* EditView.m */,
			);
			path = EditView;
			sourceTree = "<group>";
		};
		F29D404B21341FA300464621 /* ModelTableView */ = {
			isa = PBXGroup;
			children = (
				F29D404C21341FA300464621 /* NodeModelTableViewCoordinator.h */,
				F29D404D21341FA300464621 /* NodeModelTableViewCoordinator.m */,
				F29D404E21341FA300464621 /* NodeTableViewModel.h */,
				F29D404F21341FA300464621 /* NodeTableViewModel.m */,
			);
			path = ModelTableView;
			sourceTree = "<group>";
		};
		F29D405021341FA300464621 /* ModelTableViewCell */ = {
			isa = PBXGroup;
			children = (
				F29D405121341FA300464621 /* NodeBottomBaseView.h */,
				F29D405221341FA300464621 /* NodeBottomBaseView.m */,
				F29D405321341FA300464621 /* NodeCellCoordinator.h */,
				F29D405421341FA300464621 /* NodeCellCoordinator.m */,
				F29D405521341FA300464621 /* NodeCellView.h */,
				F29D405621341FA300464621 /* NodeCellView.m */,
				F29D405721341FA300464621 /* NodeCellViewModel.h */,
				F29D405821341FA300464621 /* NodeCellViewModel.m */,
				F29D405921341FA300464621 /* NodeMultiCellCoordinator.h */,
				F29D405A21341FA300464621 /* NodeMultiCellCoordinator.m */,
				F29D405B21341FA300464621 /* NodeMultiCellView.h */,
				F29D405C21341FA300464621 /* NodeMultiCellView.m */,
				F29D405D21341FA300464621 /* NodeMultiCellViewModel.h */,
				F29D405E21341FA300464621 /* NodeMultiCellViewModel.m */,
				F29D405F21341FA300464621 /* NodeTopBaseView.h */,
				F29D406021341FA300464621 /* NodeTopBaseView.m */,
			);
			path = ModelTableViewCell;
			sourceTree = "<group>";
		};
		F29D406121341FA300464621 /* PickView */ = {
			isa = PBXGroup;
			children = (
				F29D406221341FA300464621 /* PickViewCoordinator.h */,
				F29D406321341FA300464621 /* PickViewCoordinator.m */,
			);
			path = PickView;
			sourceTree = "<group>";
		};
		F29D406421341FA300464621 /* ViewController */ = {
			isa = PBXGroup;
			children = (
				F29D406521341FA300464621 /* BaseViewController.h */,
				F29D406621341FA300464621 /* BaseViewController.m */,
				F29D406721341FA300464621 /* NodeContext.h */,
				F29D406821341FA300464621 /* NodeContext.m */,
				F29D406921341FA300464621 /* NodeModelViewController.h */,
				F29D406A21341FA300464621 /* NodeModelViewController.m */,
			);
			path = ViewController;
			sourceTree = "<group>";
		};
/* End PBXGroup section */

/* Begin PBXNativeTarget section */
		F290A5A3212ACFD600DC5891 /* AutoCreateModel */ = {
			isa = PBXNativeTarget;
			buildConfigurationList = F290A5BA212ACFD600DC5891 /* Build configuration list for PBXNativeTarget "AutoCreateModel" */;
			buildPhases = (
				78EF29C5945D6E22CE181DD8 /* [CP] Check Pods Manifest.lock */,
				F290A5A0212ACFD600DC5891 /* Sources */,
				F290A5A1212ACFD600DC5891 /* Frameworks */,
				F290A5A2212ACFD600DC5891 /* Resources */,
				5B13906791A6BB508339E19C /* [CP] Embed Pods Frameworks */,
				A7A2CF4C9D48D7B3B374C870 /* [CP] Copy Pods Resources */,
			);
			buildRules = (
			);
			dependencies = (
			);
			name = AutoCreateModel;
			productName = AutoCreateModel;
			productReference = F290A5A4212ACFD600DC5891 /* AutoCreateModel.app */;
			productType = "com.apple.product-type.application";
		};
/* End PBXNativeTarget section */

/* Begin PBXProject section */
		F290A59C212ACFD600DC5891 /* Project object */ = {
			isa = PBXProject;
			attributes = {
				LastUpgradeCheck = 0900;
				ORGANIZATIONNAME = "薛锦辉";
				TargetAttributes = {
					F290A5A3212ACFD600DC5891 = {
						CreatedOnToolsVersion = 9.0;
						ProvisioningStyle = Automatic;
					};
				};
			};
			buildConfigurationList = F290A59F212ACFD600DC5891 /* Build configuration list for PBXProject "AutoCreateModel" */;
			compatibilityVersion = "Xcode 8.0";
			developmentRegion = en;
			hasScannedForEncodings = 0;
			knownRegions = (
				en,
				Base,
			);
			mainGroup = F290A59B212ACFD600DC5891;
			productRefGroup = F290A5A5212ACFD600DC5891 /* Products */;
			projectDirPath = "";
			projectRoot = "";
			targets = (
				F290A5A3212ACFD600DC5891 /* AutoCreateModel */,
			);
		};
/* End PBXProject section */

/* Begin PBXResourcesBuildPhase section */
		F290A5A2212ACFD600DC5891 /* Resources */ = {
			isa = PBXResourcesBuildPhase;
			buildActionMask = 2147483647;
			files = (
				F290A5B4212ACFD600DC5891 /* LaunchScreen.storyboard in Resources */,
				F290A5B1212ACFD600DC5891 /* Assets.xcassets in Resources */,
				F290A5AF212ACFD600DC5891 /* Main.storyboard in Resources */,
				F29D403721341DC300464621 /* NodeModelViewControllerBack_next@3x.png in Resources */,
				F29D404521341E5300464621 /* NodeModelStrings.plist in Resources */,
				F227C4C62135644100D66397 /* mainFile.plist in Resources */,
			);
			runOnlyForDeploymentPostprocessing = 0;
		};
/* End PBXResourcesBuildPhase section */

/* Begin PBXShellScriptBuildPhase section */
		5B13906791A6BB508339E19C /* [CP] Embed Pods Frameworks */ = {
			isa = PBXShellScriptBuildPhase;
			buildActionMask = 2147483647;
			files = (
			);
			inputPaths = (
			);
			name = "[CP] Embed Pods Frameworks";
			outputPaths = (
			);
			runOnlyForDeploymentPostprocessing = 0;
			shellPath = /bin/sh;
			shellScript = "\"${SRCROOT}/Pods/Target Support Files/Pods-AutoCreateModel/Pods-AutoCreateModel-frameworks.sh\"\n";
			showEnvVarsInLog = 0;
		};
		78EF29C5945D6E22CE181DD8 /* [CP] Check Pods Manifest.lock */ = {
			isa = PBXShellScriptBuildPhase;
			buildActionMask = 2147483647;
			files = (
			);
			inputPaths = (
				"${PODS_PODFILE_DIR_PATH}/Podfile.lock",
				"${PODS_ROOT}/Manifest.lock",
			);
			name = "[CP] Check Pods Manifest.lock";
			outputPaths = (
				"$(DERIVED_FILE_DIR)/Pods-AutoCreateModel-checkManifestLockResult.txt",
			);
			runOnlyForDeploymentPostprocessing = 0;
			shellPath = /bin/sh;
			shellScript = "diff \"${PODS_PODFILE_DIR_PATH}/Podfile.lock\" \"${PODS_ROOT}/Manifest.lock\" > /dev/null\nif [ $? != 0 ] ; then\n    # print error to STDERR\n    echo \"error: The sandbox is not in sync with the Podfile.lock. Run 'pod install' or update your CocoaPods installation.\" >&2\n    exit 1\nfi\n# This output is used by Xcode 'outputs' to avoid re-running this script phase.\necho \"SUCCESS\" > \"${SCRIPT_OUTPUT_FILE_0}\"\n";
			showEnvVarsInLog = 0;
		};
		A7A2CF4C9D48D7B3B374C870 /* [CP] Copy Pods Resources */ = {
			isa = PBXShellScriptBuildPhase;
			buildActionMask = 2147483647;
			files = (
			);
			inputPaths = (
			);
			name = "[CP] Copy Pods Resources";
			outputPaths = (
			);
			runOnlyForDeploymentPostprocessing = 0;
			shellPath = /bin/sh;
			shellScript = "\"${SRCROOT}/Pods/Target Support Files/Pods-AutoCreateModel/Pods-AutoCreateModel-resources.sh\"\n";
			showEnvVarsInLog = 0;
		};
/* End PBXShellScriptBuildPhase section */

/* Begin PBXSourcesBuildPhase section */
		F290A5A0212ACFD600DC5891 /* Sources */ = {
			isa = PBXSourcesBuildPhase;
			buildActionMask = 2147483647;
			files = (
				F29D407121341FA300464621 /* NodeCellViewModel.m in Sources */,
				F29D404421341E5300464621 /* CreateNodeModelString.m in Sources */,
				F29D406D21341FA300464621 /* NodeTableViewModel.m in Sources */,
				F29D407921341FA300464621 /* NodeModelViewController.m in Sources */,
				F29D404621341E5300464621 /* PropertyInfomation.m in Sources */,
				F29D407221341FA300464621 /* NodeMultiCellCoordinator.m in Sources */,
				F290A5AC212ACFD600DC5891 /* ViewController.m in Sources */,
				F29D406F21341FA300464621 /* NodeCellCoordinator.m in Sources */,
				F227C4C9213564C100D66397 /* CommonData.m in Sources */,
				F29D407421341FA300464621 /* NodeMultiCellViewModel.m in Sources */,
				F29D403021341D6300464621 /* UIResponder+Router.m in Sources */,
				F27B332B212E5C8A00124931 /* CommonFont.m in Sources */,
				F27B3337212E945300124931 /* EnumManage.m in Sources */,
				F227C4C4213563DC00D66397 /* CreateFrameFile.m in Sources */,
				F29D404321341E5300464621 /* NodeModel.m in Sources */,
				F29D407021341FA300464621 /* NodeCellView.m in Sources */,
				F29D407521341FA300464621 /* NodeTopBaseView.m in Sources */,
				F29D406C21341FA300464621 /* NodeModelTableViewCoordinator.m in Sources */,
				F29D407621341FA300464621 /* PickViewCoordinator.m in Sources */,
				F290A5B7212ACFD600DC5891 /* main.m in Sources */,
				F27B3328212E5A8F00124931 /* CommonFactory.m in Sources */,
				F29D407721341FA300464621 /* BaseViewController.m in Sources */,
				F290A5A9212ACFD600DC5891 /* AppDelegate.m in Sources */,
				F29D404221341E5300464621 /* JsonManage.m in Sources */,
				F29D406E21341FA300464621 /* NodeBottomBaseView.m in Sources */,
				F29D407321341FA300464621 /* NodeMultiCellView.m in Sources */,
				F29D403121341D6300464621 /* UIView+Context.m in Sources */,
				F29D406B21341FA300464621 /* EditView.m in Sources */,
				F272945E212D83FE008B38E5 /* UIColor+ColorChange.m in Sources */,
				F29D407821341FA300464621 /* NodeContext.m in Sources */,
			);
			runOnlyForDeploymentPostprocessing = 0;
		};
/* End PBXSourcesBuildPhase section */

/* Begin PBXVariantGroup section */
		F290A5AD212ACFD600DC5891 /* Main.storyboard */ = {
			isa = PBXVariantGroup;
			children = (
				F290A5AE212ACFD600DC5891 /* Base */,
			);
			name = Main.storyboard;
			sourceTree = "<group>";
		};
		F290A5B2212ACFD600DC5891 /* LaunchScreen.storyboard */ = {
			isa = PBXVariantGroup;
			children = (
				F290A5B3212ACFD600DC5891 /* Base */,
			);
			name = LaunchScreen.storyboard;
			sourceTree = "<group>";
		};
/* End PBXVariantGroup section */

/* Begin XCBuildConfiguration section */
		F290A5B8212ACFD600DC5891 /* Debug */ = {
			isa = XCBuildConfiguration;
			buildSettings = {
				ALWAYS_SEARCH_USER_PATHS = NO;
				CLANG_ANALYZER_NONNULL = YES;
				CLANG_ANALYZER_NUMBER_OBJECT_CONVERSION = YES_AGGRESSIVE;
				CLANG_CXX_LANGUAGE_STANDARD = "gnu++14";
				CLANG_CXX_LIBRARY = "libc++";
				CLANG_ENABLE_MODULES = YES;
				CLANG_ENABLE_OBJC_ARC = YES;
				CLANG_WARN_BLOCK_CAPTURE_AUTORELEASING = YES;
				CLANG_WARN_BOOL_CONVERSION = YES;
				CLANG_WARN_COMMA = YES;
				CLANG_WARN_CONSTANT_CONVERSION = YES;
				CLANG_WARN_DIRECT_OBJC_ISA_USAGE = YES_ERROR;
				CLANG_WARN_DOCUMENTATION_COMMENTS = YES;
				CLANG_WARN_EMPTY_BODY = YES;
				CLANG_WARN_ENUM_CONVERSION = YES;
				CLANG_WARN_INFINITE_RECURSION = YES;
				CLANG_WARN_INT_CONVERSION = YES;
				CLANG_WARN_NON_LITERAL_NULL_CONVERSION = YES;
				CLANG_WARN_OBJC_LITERAL_CONVERSION = YES;
				CLANG_WARN_OBJC_ROOT_CLASS = YES_ERROR;
				CLANG_WARN_RANGE_LOOP_ANALYSIS = YES;
				CLANG_WARN_STRICT_PROTOTYPES = YES;
				CLANG_WARN_SUSPICIOUS_MOVE = YES;
				CLANG_WARN_UNGUARDED_AVAILABILITY = YES_AGGRESSIVE;
				CLANG_WARN_UNREACHABLE_CODE = YES;
				CLANG_WARN__DUPLICATE_METHOD_MATCH = YES;
				CODE_SIGN_IDENTITY = "iPhone Developer";
				COPY_PHASE_STRIP = NO;
				DEBUG_INFORMATION_FORMAT = dwarf;
				ENABLE_STRICT_OBJC_MSGSEND = YES;
				ENABLE_TESTABILITY = YES;
				GCC_C_LANGUAGE_STANDARD = gnu11;
				GCC_DYNAMIC_NO_PIC = NO;
				GCC_NO_COMMON_BLOCKS = YES;
				GCC_OPTIMIZATION_LEVEL = 0;
				GCC_PREPROCESSOR_DEFINITIONS = (
					"DEBUG=1",
					"$(inherited)",
				);
				GCC_WARN_64_TO_32_BIT_CONVERSION = YES;
				GCC_WARN_ABOUT_RETURN_TYPE = YES_ERROR;
				GCC_WARN_UNDECLARED_SELECTOR = YES;
				GCC_WARN_UNINITIALIZED_AUTOS = YES_AGGRESSIVE;
				GCC_WARN_UNUSED_FUNCTION = YES;
				GCC_WARN_UNUSED_VARIABLE = YES;
				IPHONEOS_DEPLOYMENT_TARGET = 11.0;
				MTL_ENABLE_DEBUG_INFO = YES;
				ONLY_ACTIVE_ARCH = YES;
				SDKROOT = iphoneos;
			};
			name = Debug;
		};
		F290A5B9212ACFD600DC5891 /* Release */ = {
			isa = XCBuildConfiguration;
			buildSettings = {
				ALWAYS_SEARCH_USER_PATHS = NO;
				CLANG_ANALYZER_NONNULL = YES;
				CLANG_ANALYZER_NUMBER_OBJECT_CONVERSION = YES_AGGRESSIVE;
				CLANG_CXX_LANGUAGE_STANDARD = "gnu++14";
				CLANG_CXX_LIBRARY = "libc++";
				CLANG_ENABLE_MODULES = YES;
				CLANG_ENABLE_OBJC_ARC = YES;
				CLANG_WARN_BLOCK_CAPTURE_AUTORELEASING = YES;
				CLANG_WARN_BOOL_CONVERSION = YES;
				CLANG_WARN_COMMA = YES;
				CLANG_WARN_CONSTANT_CONVERSION = YES;
				CLANG_WARN_DIRECT_OBJC_ISA_USAGE = YES_ERROR;
				CLANG_WARN_DOCUMENTATION_COMMENTS = YES;
				CLANG_WARN_EMPTY_BODY = YES;
				CLANG_WARN_ENUM_CONVERSION = YES;
				CLANG_WARN_INFINITE_RECURSION = YES;
				CLANG_WARN_INT_CONVERSION = YES;
				CLANG_WARN_NON_LITERAL_NULL_CONVERSION = YES;
				CLANG_WARN_OBJC_LITERAL_CONVERSION = YES;
				CLANG_WARN_OBJC_ROOT_CLASS = YES_ERROR;
				CLANG_WARN_RANGE_LOOP_ANALYSIS = YES;
				CLANG_WARN_STRICT_PROTOTYPES = YES;
				CLANG_WARN_SUSPICIOUS_MOVE = YES;
				CLANG_WARN_UNGUARDED_AVAILABILITY = YES_AGGRESSIVE;
				CLANG_WARN_UNREACHABLE_CODE = YES;
				CLANG_WARN__DUPLICATE_METHOD_MATCH = YES;
				CODE_SIGN_IDENTITY = "iPhone Developer";
				COPY_PHASE_STRIP = NO;
				DEBUG_INFORMATION_FORMAT = "dwarf-with-dsym";
				ENABLE_NS_ASSERTIONS = NO;
				ENABLE_STRICT_OBJC_MSGSEND = YES;
				GCC_C_LANGUAGE_STANDARD = gnu11;
				GCC_NO_COMMON_BLOCKS = YES;
				GCC_WARN_64_TO_32_BIT_CONVERSION = YES;
				GCC_WARN_ABOUT_RETURN_TYPE = YES_ERROR;
				GCC_WARN_UNDECLARED_SELECTOR = YES;
				GCC_WARN_UNINITIALIZED_AUTOS = YES_AGGRESSIVE;
				GCC_WARN_UNUSED_FUNCTION = YES;
				GCC_WARN_UNUSED_VARIABLE = YES;
				IPHONEOS_DEPLOYMENT_TARGET = 11.0;
				MTL_ENABLE_DEBUG_INFO = NO;
				SDKROOT = iphoneos;
				VALIDATE_PRODUCT = YES;
			};
			name = Release;
		};
		F290A5BB212ACFD600DC5891 /* Debug */ = {
			isa = XCBuildConfiguration;
			baseConfigurationReference = B668B53C49D0476CB1309A3F /* Pods-AutoCreateModel.debug.xcconfig */;
			buildSettings = {
				ASSETCATALOG_COMPILER_APPICON_NAME = AppIcon;
				CODE_SIGN_STYLE = Automatic;
				INFOPLIST_FILE = AutoCreateModel/Info.plist;
				LD_RUNPATH_SEARCH_PATHS = "$(inherited) @executable_path/Frameworks";
				PRODUCT_BUNDLE_IDENTIFIER = com.nd.AutoCreateModel;
				PRODUCT_NAME = "$(TARGET_NAME)";
				TARGETED_DEVICE_FAMILY = "1,2";
			};
			name = Debug;
		};
		F290A5BC212ACFD600DC5891 /* Release */ = {
			isa = XCBuildConfiguration;
			baseConfigurationReference = D552446CAA2DD869BB5F0E73 /* Pods-AutoCreateModel.release.xcconfig */;
			buildSettings = {
				ASSETCATALOG_COMPILER_APPICON_NAME = AppIcon;
				CODE_SIGN_STYLE = Automatic;
				INFOPLIST_FILE = AutoCreateModel/Info.plist;
				LD_RUNPATH_SEARCH_PATHS = "$(inherited) @executable_path/Frameworks";
				PRODUCT_BUNDLE_IDENTIFIER = com.nd.AutoCreateModel;
				PRODUCT_NAME = "$(TARGET_NAME)";
				TARGETED_DEVICE_FAMILY = "1,2";
			};
			name = Release;
		};
/* End XCBuildConfiguration section */

/* Begin XCConfigurationList section */
		F290A59F212ACFD600DC5891 /* Build configuration list for PBXProject "AutoCreateModel" */ = {
			isa = XCConfigurationList;
			buildConfigurations = (
				F290A5B8212ACFD600DC5891 /* Debug */,
				F290A5B9212ACFD600DC5891 /* Release */,
			);
			defaultConfigurationIsVisible = 0;
			defaultConfigurationName = Release;
		};
		F290A5BA212ACFD600DC5891 /* Build configuration list for PBXNativeTarget "AutoCreateModel" */ = {
			isa = XCConfigurationList;
			buildConfigurations = (
				F290A5BB212ACFD600DC5891 /* Debug */,
				F290A5BC212ACFD600DC5891 /* Release */,
			);
			defaultConfigurationIsVisible = 0;
			defaultConfigurationName = Release;
		};
/* End XCConfigurationList section */
	};
	rootObject = F290A59C212ACFD600DC5891 /* Project object */;
}
