// !$*UTF8*$!
{
	archiveVersion = 1;
	classes = {
	};
	objectVersion = 48;
	objects = {

/* Begin PBXBuildFile section */
		356088EE7F1D4104E7AAA8D8 /* libPods-AutoCreateModel.a in Frameworks */ = {isa = PBXBuildFile; fileRef = 14CFA6ECA3B58833C8E5C061 /* libPods-AutoCreateModel.a */; };
		F272943C212D2F0A008B38E5 /* NodeModelStrings.plist in Resources */ = {isa = PBXBuildFile; fileRef = F272943B212D2F09008B38E5 /* NodeModelStrings.plist */; };
		F2729440212D34E4008B38E5 /* UIResponder+Router.m in Sources */ = {isa = PBXBuildFile; fileRef = F272943F212D34E4008B38E5 /* UIResponder+Router.m */; };
		F2729443212D3567008B38E5 /* UIView+Context.m in Sources */ = {isa = PBXBuildFile; fileRef = F2729442212D3567008B38E5 /* UIView+Context.m */; };
		F2729449212D3657008B38E5 /* NodeModelViewController1.m in Sources */ = {isa = PBXBuildFile; fileRef = F2729447212D3657008B38E5 /* NodeModelViewController1.m */; };
		F272944E212D3675008B38E5 /* NodePressAnimationView.m in Sources */ = {isa = PBXBuildFile; fileRef = F272944A212D3675008B38E5 /* NodePressAnimationView.m */; };
		F272944F212D3675008B38E5 /* NodeModelCell.m in Sources */ = {isa = PBXBuildFile; fileRef = F272944B212D3675008B38E5 /* NodeModelCell.m */; };
		F2729452212D3910008B38E5 /* NodeCellView.m in Sources */ = {isa = PBXBuildFile; fileRef = F2729451212D3910008B38E5 /* NodeCellView.m */; };
		F2729455212D41DB008B38E5 /* NodeModelViewControllerBack_next@3x.png in Resources */ = {isa = PBXBuildFile; fileRef = F2729454212D41DB008B38E5 /* NodeModelViewControllerBack_next@3x.png */; };
		F2729458212D5DDA008B38E5 /* NodeModelViewController.m in Sources */ = {isa = PBXBuildFile; fileRef = F2729457212D5DDA008B38E5 /* NodeModelViewController.m */; };
		F272945B212D63DB008B38E5 /* BaseViewController.m in Sources */ = {isa = PBXBuildFile; fileRef = F272945A212D63DA008B38E5 /* BaseViewController.m */; };
		F2749C9B212BF89900FB20BF /* JsonManage.m in Sources */ = {isa = PBXBuildFile; fileRef = F2749C9A212BF89900FB20BF /* JsonManage.m */; };
		F2749CA1212C121100FB20BF /* NodeModel.m in Sources */ = {isa = PBXBuildFile; fileRef = F2749CA0212C121100FB20BF /* NodeModel.m */; };
		F2749CA4212C37FC00FB20BF /* PropertyInfomation.m in Sources */ = {isa = PBXBuildFile; fileRef = F2749CA3212C37FC00FB20BF /* PropertyInfomation.m */; };
		F2749CB0212C3B5C00FB20BF /* NodeModelStrings.m in Sources */ = {isa = PBXBuildFile; fileRef = F2749CAF212C3B5C00FB20BF /* NodeModelStrings.m */; };
		F290A5A9212ACFD600DC5891 /* AppDelegate.m in Sources */ = {isa = PBXBuildFile; fileRef = F290A5A8212ACFD600DC5891 /* AppDelegate.m */; };
		F290A5AC212ACFD600DC5891 /* ViewController.m in Sources */ = {isa = PBXBuildFile; fileRef = F290A5AB212ACFD600DC5891 /* ViewController.m */; };
		F290A5AF212ACFD600DC5891 /* Main.storyboard in Resources */ = {isa = PBXBuildFile; fileRef = F290A5AD212ACFD600DC5891 /* Main.storyboard */; };
		F290A5B1212ACFD600DC5891 /* Assets.xcassets in Resources */ = {isa = PBXBuildFile; fileRef = F290A5B0212ACFD600DC5891 /* Assets.xcassets */; };
		F290A5B4212ACFD600DC5891 /* LaunchScreen.storyboard in Resources */ = {isa = PBXBuildFile; fileRef = F290A5B2212ACFD600DC5891 /* LaunchScreen.storyboard */; };
		F290A5B7212ACFD600DC5891 /* main.m in Sources */ = {isa = PBXBuildFile; fileRef = F290A5B6212ACFD600DC5891 /* main.m */; };
/* End PBXBuildFile section */

/* Begin PBXFileReference section */
		14CFA6ECA3B58833C8E5C061 /* libPods-AutoCreateModel.a */ = {isa = PBXFileReference; explicitFileType = archive.ar; includeInIndex = 0; path = "libPods-AutoCreateModel.a"; sourceTree = BUILT_PRODUCTS_DIR; };
		B668B53C49D0476CB1309A3F /* Pods-AutoCreateModel.debug.xcconfig */ = {isa = PBXFileReference; includeInIndex = 1; lastKnownFileType = text.xcconfig; name = "Pods-AutoCreateModel.debug.xcconfig"; path = "Pods/Target Support Files/Pods-AutoCreateModel/Pods-AutoCreateModel.debug.xcconfig"; sourceTree = "<group>"; };
		D552446CAA2DD869BB5F0E73 /* Pods-AutoCreateModel.release.xcconfig */ = {isa = PBXFileReference; includeInIndex = 1; lastKnownFileType = text.xcconfig; name = "Pods-AutoCreateModel.release.xcconfig"; path = "Pods/Target Support Files/Pods-AutoCreateModel/Pods-AutoCreateModel.release.xcconfig"; sourceTree = "<group>"; };
		F272943B212D2F09008B38E5 /* NodeModelStrings.plist */ = {isa = PBXFileReference; fileEncoding = 4; lastKnownFileType = text.plist.xml; path = NodeModelStrings.plist; sourceTree = "<group>"; };
		F272943E212D34E4008B38E5 /* UIResponder+Router.h */ = {isa = PBXFileReference; lastKnownFileType = sourcecode.c.h; path = "UIResponder+Router.h"; sourceTree = "<group>"; };
		F272943F212D34E4008B38E5 /* UIResponder+Router.m */ = {isa = PBXFileReference; lastKnownFileType = sourcecode.c.objc; path = "UIResponder+Router.m"; sourceTree = "<group>"; };
		F2729441212D3567008B38E5 /* UIView+Context.h */ = {isa = PBXFileReference; lastKnownFileType = sourcecode.c.h; path = "UIView+Context.h"; sourceTree = "<group>"; };
		F2729442212D3567008B38E5 /* UIView+Context.m */ = {isa = PBXFileReference; lastKnownFileType = sourcecode.c.objc; path = "UIView+Context.m"; sourceTree = "<group>"; };
		F2729447212D3657008B38E5 /* NodeModelViewController1.m */ = {isa = PBXFileReference; fileEncoding = 4; lastKnownFileType = sourcecode.c.objc; path = NodeModelViewController1.m; sourceTree = "<group>"; };
		F2729448212D3657008B38E5 /* NodeModelViewController1.h */ = {isa = PBXFileReference; fileEncoding = 4; lastKnownFileType = sourcecode.c.h; path = NodeModelViewController1.h; sourceTree = "<group>"; };
		F272944A212D3675008B38E5 /* NodePressAnimationView.m */ = {isa = PBXFileReference; fileEncoding = 4; lastKnownFileType = sourcecode.c.objc; path = NodePressAnimationView.m; sourceTree = "<group>"; };
		F272944B212D3675008B38E5 /* NodeModelCell.m */ = {isa = PBXFileReference; fileEncoding = 4; lastKnownFileType = sourcecode.c.objc; path = NodeModelCell.m; sourceTree = "<group>"; };
		F272944C212D3675008B38E5 /* NodePressAnimationView.h */ = {isa = PBXFileReference; fileEncoding = 4; lastKnownFileType = sourcecode.c.h; path = NodePressAnimationView.h; sourceTree = "<group>"; };
		F272944D212D3675008B38E5 /* NodeModelCell.h */ = {isa = PBXFileReference; fileEncoding = 4; lastKnownFileType = sourcecode.c.h; path = NodeModelCell.h; sourceTree = "<group>"; };
		F2729450212D3910008B38E5 /* NodeCellView.h */ = {isa = PBXFileReference; lastKnownFileType = sourcecode.c.h; path = NodeCellView.h; sourceTree = "<group>"; };
		F2729451212D3910008B38E5 /* NodeCellView.m */ = {isa = PBXFileReference; lastKnownFileType = sourcecode.c.objc; path = NodeCellView.m; sourceTree = "<group>"; };
		F2729454212D41DB008B38E5 /* NodeModelViewControllerBack_next@3x.png */ = {isa = PBXFileReference; lastKnownFileType = image.png; path = "NodeModelViewControllerBack_next@3x.png"; sourceTree = "<group>"; };
		F2729456212D5DDA008B38E5 /* NodeModelViewController.h */ = {isa = PBXFileReference; lastKnownFileType = sourcecode.c.h; path = NodeModelViewController.h; sourceTree = "<group>"; };
		F2729457212D5DDA008B38E5 /* NodeModelViewController.m */ = {isa = PBXFileReference; lastKnownFileType = sourcecode.c.objc; path = NodeModelViewController.m; sourceTree = "<group>"; };
		F2729459212D63DA008B38E5 /* BaseViewController.h */ = {isa = PBXFileReference; fileEncoding = 4; lastKnownFileType = sourcecode.c.h; path = BaseViewController.h; sourceTree = "<group>"; };
		F272945A212D63DA008B38E5 /* BaseViewController.m */ = {isa = PBXFileReference; fileEncoding = 4; lastKnownFileType = sourcecode.c.objc; path = BaseViewController.m; sourceTree = "<group>"; };
		F2749C99212BF89900FB20BF /* JsonManage.h */ = {isa = PBXFileReference; lastKnownFileType = sourcecode.c.h; path = JsonManage.h; sourceTree = "<group>"; };
		F2749C9A212BF89900FB20BF /* JsonManage.m */ = {isa = PBXFileReference; lastKnownFileType = sourcecode.c.objc; path = JsonManage.m; sourceTree = "<group>"; };
		F2749C9C212C03B800FB20BF /* AutoModelPCH.h */ = {isa = PBXFileReference; lastKnownFileType = sourcecode.c.h; path = AutoModelPCH.h; sourceTree = "<group>"; };
		F2749C9F212C121100FB20BF /* NodeModel.h */ = {isa = PBXFileReference; lastKnownFileType = sourcecode.c.h; path = NodeModel.h; sourceTree = "<group>"; };
		F2749CA0212C121100FB20BF /* NodeModel.m */ = {isa = PBXFileReference; lastKnownFileType = sourcecode.c.objc; path = NodeModel.m; sourceTree = "<group>"; };
		F2749CA2212C37FC00FB20BF /* PropertyInfomation.h */ = {isa = PBXFileReference; lastKnownFileType = sourcecode.c.h; path = PropertyInfomation.h; sourceTree = "<group>"; };
		F2749CA3212C37FC00FB20BF /* PropertyInfomation.m */ = {isa = PBXFileReference; lastKnownFileType = sourcecode.c.objc; path = PropertyInfomation.m; sourceTree = "<group>"; };
		F2749CAE212C3B5C00FB20BF /* NodeModelStrings.h */ = {isa = PBXFileReference; lastKnownFileType = sourcecode.c.h; path = NodeModelStrings.h; sourceTree = "<group>"; };
		F2749CAF212C3B5C00FB20BF /* NodeModelStrings.m */ = {isa = PBXFileReference; lastKnownFileType = sourcecode.c.objc; path = NodeModelStrings.m; sourceTree = "<group>"; };
		F290A5A4212ACFD600DC5891 /* AutoCreateModel.app */ = {isa = PBXFileReference; explicitFileType = wrapper.application; includeInIndex = 0; path = AutoCreateModel.app; sourceTree = BUILT_PRODUCTS_DIR; };
		F290A5A7212ACFD600DC5891 /* AppDelegate.h */ = {isa = PBXFileReference; lastKnownFileType = sourcecode.c.h; path = AppDelegate.h; sourceTree = "<group>"; };
		F290A5A8212ACFD600DC5891 /* AppDelegate.m */ = {isa = PBXFileReference; lastKnownFileType = sourcecode.c.objc; path = AppDelegate.m; sourceTree = "<group>"; };
		F290A5AA212ACFD600DC5891 /* ViewController.h */ = {isa = PBXFileReference; lastKnownFileType = sourcecode.c.h; path = ViewController.h; sourceTree = "<group>"; };
		F290A5AB212ACFD600DC5891 /* ViewController.m */ = {isa = PBXFileReference; lastKnownFileType = sourcecode.c.objc; path = ViewController.m; sourceTree = "<group>"; };
		F290A5AE212ACFD600DC5891 /* Base */ = {isa = PBXFileReference; lastKnownFileType = file.storyboard; name = Base; path = Base.lproj/Main.storyboard; sourceTree = "<group>"; };
		F290A5B0212ACFD600DC5891 /* Assets.xcassets */ = {isa = PBXFileReference; lastKnownFileType = folder.assetcatalog; path = Assets.xcassets; sourceTree = "<group>"; };
		F290A5B3212ACFD600DC5891 /* Base */ = {isa = PBXFileReference; lastKnownFileType = file.storyboard; name = Base; path = Base.lproj/LaunchScreen.storyboard; sourceTree = "<group>"; };
		F290A5B5212ACFD600DC5891 /* Info.plist */ = {isa = PBXFileReference; lastKnownFileType = text.plist.xml; path = Info.plist; sourceTree = "<group>"; };
		F290A5B6212ACFD600DC5891 /* main.m */ = {isa = PBXFileReference; lastKnownFileType = sourcecode.c.objc; path = main.m; sourceTree = "<group>"; };
/* End PBXFileReference section */

/* Begin PBXFrameworksBuildPhase section */
		F290A5A1212ACFD600DC5891 /* Frameworks */ = {
			isa = PBXFrameworksBuildPhase;
			buildActionMask = 2147483647;
			files = (
				356088EE7F1D4104E7AAA8D8 /* libPods-AutoCreateModel.a in Frameworks */,
			);
			runOnlyForDeploymentPostprocessing = 0;
		};
/* End PBXFrameworksBuildPhase section */

/* Begin PBXGroup section */
		98A48E3C0B03E562D1DD3DC2 /* Pods */ = {
			isa = PBXGroup;
			children = (
				B668B53C49D0476CB1309A3F /* Pods-AutoCreateModel.debug.xcconfig */,
				D552446CAA2DD869BB5F0E73 /* Pods-AutoCreateModel.release.xcconfig */,
			);
			name = Pods;
			sourceTree = "<group>";
		};
		AF0B0C259986E8F80E831ED5 /* Frameworks */ = {
			isa = PBXGroup;
			children = (
				14CFA6ECA3B58833C8E5C061 /* libPods-AutoCreateModel.a */,
			);
			name = Frameworks;
			sourceTree = "<group>";
		};
		F272943D212D34BA008B38E5 /* MUIKit */ = {
			isa = PBXGroup;
			children = (
				F272943E212D34E4008B38E5 /* UIResponder+Router.h */,
				F272943F212D34E4008B38E5 /* UIResponder+Router.m */,
				F2729441212D3567008B38E5 /* UIView+Context.h */,
				F2729442212D3567008B38E5 /* UIView+Context.m */,
			);
			path = MUIKit;
			sourceTree = "<group>";
		};
		F2729444212D3631008B38E5 /* View */ = {
			isa = PBXGroup;
			children = (
				F272944D212D3675008B38E5 /* NodeModelCell.h */,
				F272944B212D3675008B38E5 /* NodeModelCell.m */,
				F272944C212D3675008B38E5 /* NodePressAnimationView.h */,
				F272944A212D3675008B38E5 /* NodePressAnimationView.m */,
				F2729450212D3910008B38E5 /* NodeCellView.h */,
				F2729451212D3910008B38E5 /* NodeCellView.m */,
			);
			path = View;
			sourceTree = "<group>";
		};
		F2729445212D3631008B38E5 /* ViewController */ = {
			isa = PBXGroup;
			children = (
				F2729459212D63DA008B38E5 /* BaseViewController.h */,
				F272945A212D63DA008B38E5 /* BaseViewController.m */,
				F2729448212D3657008B38E5 /* NodeModelViewController1.h */,
				F2729447212D3657008B38E5 /* NodeModelViewController1.m */,
				F2729456212D5DDA008B38E5 /* NodeModelViewController.h */,
				F2729457212D5DDA008B38E5 /* NodeModelViewController.m */,
			);
			path = ViewController;
			sourceTree = "<group>";
		};
		F2729446212D3631008B38E5 /* Model */ = {
			isa = PBXGroup;
			children = (
			);
			path = Model;
			sourceTree = "<group>";
		};
		F2729453212D41DB008B38E5 /* Image */ = {
			isa = PBXGroup;
			children = (
				F2729454212D41DB008B38E5 /* NodeModelViewControllerBack_next@3x.png */,
			);
			path = Image;
			sourceTree = "<group>";
		};
		F2749C97212BF86F00FB20BF /* AutoCreateModel */ = {
			isa = PBXGroup;
			children = (
				F2729453212D41DB008B38E5 /* Image */,
				F2729446212D3631008B38E5 /* Model */,
				F2729444212D3631008B38E5 /* View */,
				F2729445212D3631008B38E5 /* ViewController */,
				F2749C98212BF88500FB20BF /* Common */,
			);
			path = AutoCreateModel;
			sourceTree = "<group>";
		};
		F2749C98212BF88500FB20BF /* Common */ = {
			isa = PBXGroup;
			children = (
				F272943B212D2F09008B38E5 /* NodeModelStrings.plist */,
				F2749C99212BF89900FB20BF /* JsonManage.h */,
				F2749C9A212BF89900FB20BF /* JsonManage.m */,
				F2749C9C212C03B800FB20BF /* AutoModelPCH.h */,
				F2749C9F212C121100FB20BF /* NodeModel.h */,
				F2749CA0212C121100FB20BF /* NodeModel.m */,
				F2749CA2212C37FC00FB20BF /* PropertyInfomation.h */,
				F2749CA3212C37FC00FB20BF /* PropertyInfomation.m */,
				F2749CAE212C3B5C00FB20BF /* NodeModelStrings.h */,
				F2749CAF212C3B5C00FB20BF /* NodeModelStrings.m */,
			);
			path = Common;
			sourceTree = "<group>";
		};
		F290A59B212ACFD600DC5891 = {
			isa = PBXGroup;
			children = (
				F290A5A6212ACFD600DC5891 /* AutoCreateModel */,
				F290A5A5212ACFD600DC5891 /* Products */,
				98A48E3C0B03E562D1DD3DC2 /* Pods */,
				AF0B0C259986E8F80E831ED5 /* Frameworks */,
			);
			sourceTree = "<group>";
		};
		F290A5A5212ACFD600DC5891 /* Products */ = {
			isa = PBXGroup;
			children = (
				F290A5A4212ACFD600DC5891 /* AutoCreateModel.app */,
			);
			name = Products;
			sourceTree = "<group>";
		};
		F290A5A6212ACFD600DC5891 /* AutoCreateModel */ = {
			isa = PBXGroup;
			children = (
				F272943D212D34BA008B38E5 /* MUIKit */,
				F2749C97212BF86F00FB20BF /* AutoCreateModel */,
				F290A5A7212ACFD600DC5891 /* AppDelegate.h */,
				F290A5A8212ACFD600DC5891 /* AppDelegate.m */,
				F290A5AA212ACFD600DC5891 /* ViewController.h */,
				F290A5AB212ACFD600DC5891 /* ViewController.m */,
				F290A5AD212ACFD600DC5891 /* Main.storyboard */,
				F290A5B0212ACFD600DC5891 /* Assets.xcassets */,
				F290A5B2212ACFD600DC5891 /* LaunchScreen.storyboard */,
				F290A5B5212ACFD600DC5891 /* Info.plist */,
				F290A5B6212ACFD600DC5891 /* main.m */,
			);
			path = AutoCreateModel;
			sourceTree = "<group>";
		};
/* End PBXGroup section */

/* Begin PBXNativeTarget section */
		F290A5A3212ACFD600DC5891 /* AutoCreateModel */ = {
			isa = PBXNativeTarget;
			buildConfigurationList = F290A5BA212ACFD600DC5891 /* Build configuration list for PBXNativeTarget "AutoCreateModel" */;
			buildPhases = (
				78EF29C5945D6E22CE181DD8 /* [CP] Check Pods Manifest.lock */,
				F290A5A0212ACFD600DC5891 /* Sources */,
				F290A5A1212ACFD600DC5891 /* Frameworks */,
				F290A5A2212ACFD600DC5891 /* Resources */,
				5B13906791A6BB508339E19C /* [CP] Embed Pods Frameworks */,
				A7A2CF4C9D48D7B3B374C870 /* [CP] Copy Pods Resources */,
			);
			buildRules = (
			);
			dependencies = (
			);
			name = AutoCreateModel;
			productName = AutoCreateModel;
			productReference = F290A5A4212ACFD600DC5891 /* AutoCreateModel.app */;
			productType = "com.apple.product-type.application";
		};
/* End PBXNativeTarget section */

/* Begin PBXProject section */
		F290A59C212ACFD600DC5891 /* Project object */ = {
			isa = PBXProject;
			attributes = {
				LastUpgradeCheck = 0900;
				ORGANIZATIONNAME = "薛锦辉";
				TargetAttributes = {
					F290A5A3212ACFD600DC5891 = {
						CreatedOnToolsVersion = 9.0;
						ProvisioningStyle = Automatic;
					};
				};
			};
			buildConfigurationList = F290A59F212ACFD600DC5891 /* Build configuration list for PBXProject "AutoCreateModel" */;
			compatibilityVersion = "Xcode 8.0";
			developmentRegion = en;
			hasScannedForEncodings = 0;
			knownRegions = (
				en,
				Base,
			);
			mainGroup = F290A59B212ACFD600DC5891;
			productRefGroup = F290A5A5212ACFD600DC5891 /* Products */;
			projectDirPath = "";
			projectRoot = "";
			targets = (
				F290A5A3212ACFD600DC5891 /* AutoCreateModel */,
			);
		};
/* End PBXProject section */

/* Begin PBXResourcesBuildPhase section */
		F290A5A2212ACFD600DC5891 /* Resources */ = {
			isa = PBXResourcesBuildPhase;
			buildActionMask = 2147483647;
			files = (
				F290A5B4212ACFD600DC5891 /* LaunchScreen.storyboard in Resources */,
				F272943C212D2F0A008B38E5 /* NodeModelStrings.plist in Resources */,
				F290A5B1212ACFD600DC5891 /* Assets.xcassets in Resources */,
				F290A5AF212ACFD600DC5891 /* Main.storyboard in Resources */,
				F2729455212D41DB008B38E5 /* NodeModelViewControllerBack_next@3x.png in Resources */,
			);
			runOnlyForDeploymentPostprocessing = 0;
		};
/* End PBXResourcesBuildPhase section */

/* Begin PBXShellScriptBuildPhase section */
		5B13906791A6BB508339E19C /* [CP] Embed Pods Frameworks */ = {
			isa = PBXShellScriptBuildPhase;
			buildActionMask = 2147483647;
			files = (
			);
			inputPaths = (
			);
			name = "[CP] Embed Pods Frameworks";
			outputPaths = (
			);
			runOnlyForDeploymentPostprocessing = 0;
			shellPath = /bin/sh;
			shellScript = "\"${SRCROOT}/Pods/Target Support Files/Pods-AutoCreateModel/Pods-AutoCreateModel-frameworks.sh\"\n";
			showEnvVarsInLog = 0;
		};
		78EF29C5945D6E22CE181DD8 /* [CP] Check Pods Manifest.lock */ = {
			isa = PBXShellScriptBuildPhase;
			buildActionMask = 2147483647;
			files = (
			);
			inputPaths = (
				"${PODS_PODFILE_DIR_PATH}/Podfile.lock",
				"${PODS_ROOT}/Manifest.lock",
			);
			name = "[CP] Check Pods Manifest.lock";
			outputPaths = (
				"$(DERIVED_FILE_DIR)/Pods-AutoCreateModel-checkManifestLockResult.txt",
			);
			runOnlyForDeploymentPostprocessing = 0;
			shellPath = /bin/sh;
			shellScript = "diff \"${PODS_PODFILE_DIR_PATH}/Podfile.lock\" \"${PODS_ROOT}/Manifest.lock\" > /dev/null\nif [ $? != 0 ] ; then\n    # print error to STDERR\n    echo \"error: The sandbox is not in sync with the Podfile.lock. Run 'pod install' or update your CocoaPods installation.\" >&2\n    exit 1\nfi\n# This output is used by Xcode 'outputs' to avoid re-running this script phase.\necho \"SUCCESS\" > \"${SCRIPT_OUTPUT_FILE_0}\"\n";
			showEnvVarsInLog = 0;
		};
		A7A2CF4C9D48D7B3B374C870 /* [CP] Copy Pods Resources */ = {
			isa = PBXShellScriptBuildPhase;
			buildActionMask = 2147483647;
			files = (
			);
			inputPaths = (
			);
			name = "[CP] Copy Pods Resources";
			outputPaths = (
			);
			runOnlyForDeploymentPostprocessing = 0;
			shellPath = /bin/sh;
			shellScript = "\"${SRCROOT}/Pods/Target Support Files/Pods-AutoCreateModel/Pods-AutoCreateModel-resources.sh\"\n";
			showEnvVarsInLog = 0;
		};
/* End PBXShellScriptBuildPhase section */

/* Begin PBXSourcesBuildPhase section */
		F290A5A0212ACFD600DC5891 /* Sources */ = {
			isa = PBXSourcesBuildPhase;
			buildActionMask = 2147483647;
			files = (
				F2729452212D3910008B38E5 /* NodeCellView.m in Sources */,
				F272945B212D63DB008B38E5 /* BaseViewController.m in Sources */,
				F2729458212D5DDA008B38E5 /* NodeModelViewController.m in Sources */,
				F2749CA4212C37FC00FB20BF /* PropertyInfomation.m in Sources */,
				F272944E212D3675008B38E5 /* NodePressAnimationView.m in Sources */,
				F290A5AC212ACFD600DC5891 /* ViewController.m in Sources */,
				F2749C9B212BF89900FB20BF /* JsonManage.m in Sources */,
				F2729449212D3657008B38E5 /* NodeModelViewController1.m in Sources */,
				F2749CB0212C3B5C00FB20BF /* NodeModelStrings.m in Sources */,
				F2749CA1212C121100FB20BF /* NodeModel.m in Sources */,
				F290A5B7212ACFD600DC5891 /* main.m in Sources */,
				F2729443212D3567008B38E5 /* UIView+Context.m in Sources */,
				F290A5A9212ACFD600DC5891 /* AppDelegate.m in Sources */,
				F2729440212D34E4008B38E5 /* UIResponder+Router.m in Sources */,
				F272944F212D3675008B38E5 /* NodeModelCell.m in Sources */,
			);
			runOnlyForDeploymentPostprocessing = 0;
		};
/* End PBXSourcesBuildPhase section */

/* Begin PBXVariantGroup section */
		F290A5AD212ACFD600DC5891 /* Main.storyboard */ = {
			isa = PBXVariantGroup;
			children = (
				F290A5AE212ACFD600DC5891 /* Base */,
			);
			name = Main.storyboard;
			sourceTree = "<group>";
		};
		F290A5B2212ACFD600DC5891 /* LaunchScreen.storyboard */ = {
			isa = PBXVariantGroup;
			children = (
				F290A5B3212ACFD600DC5891 /* Base */,
			);
			name = LaunchScreen.storyboard;
			sourceTree = "<group>";
		};
/* End PBXVariantGroup section */

/* Begin XCBuildConfiguration section */
		F290A5B8212ACFD600DC5891 /* Debug */ = {
			isa = XCBuildConfiguration;
			buildSettings = {
				ALWAYS_SEARCH_USER_PATHS = NO;
				CLANG_ANALYZER_NONNULL = YES;
				CLANG_ANALYZER_NUMBER_OBJECT_CONVERSION = YES_AGGRESSIVE;
				CLANG_CXX_LANGUAGE_STANDARD = "gnu++14";
				CLANG_CXX_LIBRARY = "libc++";
				CLANG_ENABLE_MODULES = YES;
				CLANG_ENABLE_OBJC_ARC = YES;
				CLANG_WARN_BLOCK_CAPTURE_AUTORELEASING = YES;
				CLANG_WARN_BOOL_CONVERSION = YES;
				CLANG_WARN_COMMA = YES;
				CLANG_WARN_CONSTANT_CONVERSION = YES;
				CLANG_WARN_DIRECT_OBJC_ISA_USAGE = YES_ERROR;
				CLANG_WARN_DOCUMENTATION_COMMENTS = YES;
				CLANG_WARN_EMPTY_BODY = YES;
				CLANG_WARN_ENUM_CONVERSION = YES;
				CLANG_WARN_INFINITE_RECURSION = YES;
				CLANG_WARN_INT_CONVERSION = YES;
				CLANG_WARN_NON_LITERAL_NULL_CONVERSION = YES;
				CLANG_WARN_OBJC_LITERAL_CONVERSION = YES;
				CLANG_WARN_OBJC_ROOT_CLASS = YES_ERROR;
				CLANG_WARN_RANGE_LOOP_ANALYSIS = YES;
				CLANG_WARN_STRICT_PROTOTYPES = YES;
				CLANG_WARN_SUSPICIOUS_MOVE = YES;
				CLANG_WARN_UNGUARDED_AVAILABILITY = YES_AGGRESSIVE;
				CLANG_WARN_UNREACHABLE_CODE = YES;
				CLANG_WARN__DUPLICATE_METHOD_MATCH = YES;
				CODE_SIGN_IDENTITY = "iPhone Developer";
				COPY_PHASE_STRIP = NO;
				DEBUG_INFORMATION_FORMAT = dwarf;
				ENABLE_STRICT_OBJC_MSGSEND = YES;
				ENABLE_TESTABILITY = YES;
				GCC_C_LANGUAGE_STANDARD = gnu11;
				GCC_DYNAMIC_NO_PIC = NO;
				GCC_NO_COMMON_BLOCKS = YES;
				GCC_OPTIMIZATION_LEVEL = 0;
				GCC_PREPROCESSOR_DEFINITIONS = (
					"DEBUG=1",
					"$(inherited)",
				);
				GCC_WARN_64_TO_32_BIT_CONVERSION = YES;
				GCC_WARN_ABOUT_RETURN_TYPE = YES_ERROR;
				GCC_WARN_UNDECLARED_SELECTOR = YES;
				GCC_WARN_UNINITIALIZED_AUTOS = YES_AGGRESSIVE;
				GCC_WARN_UNUSED_FUNCTION = YES;
				GCC_WARN_UNUSED_VARIABLE = YES;
				IPHONEOS_DEPLOYMENT_TARGET = 11.0;
				MTL_ENABLE_DEBUG_INFO = YES;
				ONLY_ACTIVE_ARCH = YES;
				SDKROOT = iphoneos;
			};
			name = Debug;
		};
		F290A5B9212ACFD600DC5891 /* Release */ = {
			isa = XCBuildConfiguration;
			buildSettings = {
				ALWAYS_SEARCH_USER_PATHS = NO;
				CLANG_ANALYZER_NONNULL = YES;
				CLANG_ANALYZER_NUMBER_OBJECT_CONVERSION = YES_AGGRESSIVE;
				CLANG_CXX_LANGUAGE_STANDARD = "gnu++14";
				CLANG_CXX_LIBRARY = "libc++";
				CLANG_ENABLE_MODULES = YES;
				CLANG_ENABLE_OBJC_ARC = YES;
				CLANG_WARN_BLOCK_CAPTURE_AUTORELEASING = YES;
				CLANG_WARN_BOOL_CONVERSION = YES;
				CLANG_WARN_COMMA = YES;
				CLANG_WARN_CONSTANT_CONVERSION = YES;
				CLANG_WARN_DIRECT_OBJC_ISA_USAGE = YES_ERROR;
				CLANG_WARN_DOCUMENTATION_COMMENTS = YES;
				CLANG_WARN_EMPTY_BODY = YES;
				CLANG_WARN_ENUM_CONVERSION = YES;
				CLANG_WARN_INFINITE_RECURSION = YES;
				CLANG_WARN_INT_CONVERSION = YES;
				CLANG_WARN_NON_LITERAL_NULL_CONVERSION = YES;
				CLANG_WARN_OBJC_LITERAL_CONVERSION = YES;
				CLANG_WARN_OBJC_ROOT_CLASS = YES_ERROR;
				CLANG_WARN_RANGE_LOOP_ANALYSIS = YES;
				CLANG_WARN_STRICT_PROTOTYPES = YES;
				CLANG_WARN_SUSPICIOUS_MOVE = YES;
				CLANG_WARN_UNGUARDED_AVAILABILITY = YES_AGGRESSIVE;
				CLANG_WARN_UNREACHABLE_CODE = YES;
				CLANG_WARN__DUPLICATE_METHOD_MATCH = YES;
				CODE_SIGN_IDENTITY = "iPhone Developer";
				COPY_PHASE_STRIP = NO;
				DEBUG_INFORMATION_FORMAT = "dwarf-with-dsym";
				ENABLE_NS_ASSERTIONS = NO;
				ENABLE_STRICT_OBJC_MSGSEND = YES;
				GCC_C_LANGUAGE_STANDARD = gnu11;
				GCC_NO_COMMON_BLOCKS = YES;
				GCC_WARN_64_TO_32_BIT_CONVERSION = YES;
				GCC_WARN_ABOUT_RETURN_TYPE = YES_ERROR;
				GCC_WARN_UNDECLARED_SELECTOR = YES;
				GCC_WARN_UNINITIALIZED_AUTOS = YES_AGGRESSIVE;
				GCC_WARN_UNUSED_FUNCTION = YES;
				GCC_WARN_UNUSED_VARIABLE = YES;
				IPHONEOS_DEPLOYMENT_TARGET = 11.0;
				MTL_ENABLE_DEBUG_INFO = NO;
				SDKROOT = iphoneos;
				VALIDATE_PRODUCT = YES;
			};
			name = Release;
		};
		F290A5BB212ACFD600DC5891 /* Debug */ = {
			isa = XCBuildConfiguration;
			baseConfigurationReference = B668B53C49D0476CB1309A3F /* Pods-AutoCreateModel.debug.xcconfig */;
			buildSettings = {
				ASSETCATALOG_COMPILER_APPICON_NAME = AppIcon;
				CODE_SIGN_STYLE = Automatic;
				INFOPLIST_FILE = AutoCreateModel/Info.plist;
				LD_RUNPATH_SEARCH_PATHS = "$(inherited) @executable_path/Frameworks";
				PRODUCT_BUNDLE_IDENTIFIER = com.nd.AutoCreateModel;
				PRODUCT_NAME = "$(TARGET_NAME)";
				TARGETED_DEVICE_FAMILY = "1,2";
			};
			name = Debug;
		};
		F290A5BC212ACFD600DC5891 /* Release */ = {
			isa = XCBuildConfiguration;
			baseConfigurationReference = D552446CAA2DD869BB5F0E73 /* Pods-AutoCreateModel.release.xcconfig */;
			buildSettings = {
				ASSETCATALOG_COMPILER_APPICON_NAME = AppIcon;
				CODE_SIGN_STYLE = Automatic;
				INFOPLIST_FILE = AutoCreateModel/Info.plist;
				LD_RUNPATH_SEARCH_PATHS = "$(inherited) @executable_path/Frameworks";
				PRODUCT_BUNDLE_IDENTIFIER = com.nd.AutoCreateModel;
				PRODUCT_NAME = "$(TARGET_NAME)";
				TARGETED_DEVICE_FAMILY = "1,2";
			};
			name = Release;
		};
/* End XCBuildConfiguration section */

/* Begin XCConfigurationList section */
		F290A59F212ACFD600DC5891 /* Build configuration list for PBXProject "AutoCreateModel" */ = {
			isa = XCConfigurationList;
			buildConfigurations = (
				F290A5B8212ACFD600DC5891 /* Debug */,
				F290A5B9212ACFD600DC5891 /* Release */,
			);
			defaultConfigurationIsVisible = 0;
			defaultConfigurationName = Release;
		};
		F290A5BA212ACFD600DC5891 /* Build configuration list for PBXNativeTarget "AutoCreateModel" */ = {
			isa = XCConfigurationList;
			buildConfigurations = (
				F290A5BB212ACFD600DC5891 /* Debug */,
				F290A5BC212ACFD600DC5891 /* Release */,
			);
			defaultConfigurationIsVisible = 0;
			defaultConfigurationName = Release;
		};
/* End XCConfigurationList section */
	};
	rootObject = F290A59C212ACFD600DC5891 /* Project object */;
}
